
Microsoft Visual Studio Solution File, Format Version 12.00
# Visual Studio 14
VisualStudioVersion = 14.0.25420.1
MinimumVisualStudioVersion = 10.0.40219.1
Project("{FAE04EC0-301F-11D3-BF4B-00C04F79EFBC}") = "DrugStoreApp.Android", "App3\App3.Android\DrugStoreApp.Android.csproj", "{F7A242F6-43DD-4836-83B4-ECAA0ABD5D11}"
EndProject
Project("{FAE04EC0-301F-11D3-BF4B-00C04F79EFBC}") = "DrugStoreApp", "App3\App3\DrugStoreApp.csproj", "{2C9138F9-4D6A-44E3-83F7-0F871598894D}"
EndProject
Project("{FAE04EC0-301F-11D3-BF4B-00C04F79EFBC}") = "DrugStoreApp.iOS", "App3\App3.iOS\DrugStoreApp.iOS.csproj", "{11E57E7E-732A-41D7-9841-71887A21B3D4}"
EndProject
Global
	GlobalSection(SolutionConfigurationPlatforms) = preSolution
		Ad-Hoc|Any CPU = Ad-Hoc|Any CPU
		Ad-Hoc|iPhone = Ad-Hoc|iPhone
		Ad-Hoc|iPhoneSimulator = Ad-Hoc|iPhoneSimulator
		AppStore|Any CPU = AppStore|Any CPU
		AppStore|iPhone = AppStore|iPhone
		AppStore|iPhoneSimulator = AppStore|iPhoneSimulator
		Debug|Any CPU = Debug|Any CPU
		Debug|iPhone = Debug|iPhone
		Debug|iPhoneSimulator = Debug|iPhoneSimulator
		Release|Any CPU = Release|Any CPU
		Release|iPhone = Release|iPhone
		Release|iPhoneSimulator = Release|iPhoneSimulator
	EndGlobalSection
	GlobalSection(ProjectConfigurationPlatforms) = postSolution
		{F7A242F6-43DD-4836-83B4-ECAA0ABD5D11}.Ad-Hoc|Any CPU.ActiveCfg = Release|Any CPU
		{F7A242F6-43DD-4836-83B4-ECAA0ABD5D11}.Ad-Hoc|Any CPU.Build.0 = Release|Any CPU
		{F7A242F6-43DD-4836-83B4-ECAA0ABD5D11}.Ad-Hoc|Any CPU.Deploy.0 = Release|Any CPU
		{F7A242F6-43DD-4836-83B4-ECAA0ABD5D11}.Ad-Hoc|iPhone.ActiveCfg = Release|Any CPU
		{F7A242F6-43DD-4836-83B4-ECAA0ABD5D11}.Ad-Hoc|iPhone.Build.0 = Release|Any CPU
		{F7A242F6-43DD-4836-83B4-ECAA0ABD5D11}.Ad-Hoc|iPhone.Deploy.0 = Release|Any CPU
		{F7A242F6-43DD-4836-83B4-ECAA0ABD5D11}.Ad-Hoc|iPhoneSimulator.ActiveCfg = Release|Any CPU
		{F7A242F6-43DD-4836-83B4-ECAA0ABD5D11}.Ad-Hoc|iPhoneSimulator.Build.0 = Release|Any CPU
		{F7A242F6-43DD-4836-83B4-ECAA0ABD5D11}.Ad-Hoc|iPhoneSimulator.Deploy.0 = Release|Any CPU
		{F7A242F6-43DD-4836-83B4-ECAA0ABD5D11}.AppStore|Any CPU.ActiveCfg = Release|Any CPU
		{F7A242F6-43DD-4836-83B4-ECAA0ABD5D11}.AppStore|Any CPU.Build.0 = Release|Any CPU
		{F7A242F6-43DD-4836-83B4-ECAA0ABD5D11}.AppStore|Any CPU.Deploy.0 = Release|Any CPU
		{F7A242F6-43DD-4836-83B4-ECAA0ABD5D11}.AppStore|iPhone.ActiveCfg = Release|Any CPU
		{F7A242F6-43DD-4836-83B4-ECAA0ABD5D11}.AppStore|iPhone.Build.0 = Release|Any CPU
		{F7A242F6-43DD-4836-83B4-ECAA0ABD5D11}.AppStore|iPhone.Deploy.0 = Release|Any CPU
		{F7A242F6-43DD-4836-83B4-ECAA0ABD5D11}.AppStore|iPhoneSimulator.ActiveCfg = Release|Any CPU
		{F7A242F6-43DD-4836-83B4-ECAA0ABD5D11}.AppStore|iPhoneSimulator.Build.0 = Release|Any CPU
		{F7A242F6-43DD-4836-83B4-ECAA0ABD5D11}.AppStore|iPhoneSimulator.Deploy.0 = Release|Any CPU
		{F7A242F6-43DD-4836-83B4-ECAA0ABD5D11}.Debug|Any CPU.ActiveCfg = Debug|Any CPU
		{F7A242F6-43DD-4836-83B4-ECAA0ABD5D11}.Debug|Any CPU.Build.0 = Debug|Any CPU
		{F7A242F6-43DD-4836-83B4-ECAA0ABD5D11}.Debug|Any CPU.Deploy.0 = Debug|Any CPU
		{F7A242F6-43DD-4836-83B4-ECAA0ABD5D11}.Debug|iPhone.ActiveCfg = Debug|Any CPU
		{F7A242F6-43DD-4836-83B4-ECAA0ABD5D11}.Debug|iPhone.Build.0 = Debug|Any CPU
		{F7A242F6-43DD-4836-83B4-ECAA0ABD5D11}.Debug|iPhone.Deploy.0 = Debug|Any CPU
		{F7A242F6-43DD-4836-83B4-ECAA0ABD5D11}.Debug|iPhoneSimulator.ActiveCfg = Debug|Any CPU
		{F7A242F6-43DD-4836-83B4-ECAA0ABD5D11}.Debug|iPhoneSimulator.Build.0 = Debug|Any CPU
		{F7A242F6-43DD-4836-83B4-ECAA0ABD5D11}.Debug|iPhoneSimulator.Deploy.0 = Debug|Any CPU
		{F7A242F6-43DD-4836-83B4-ECAA0ABD5D11}.Release|Any CPU.ActiveCfg = Release|Any CPU
		{F7A242F6-43DD-4836-83B4-ECAA0ABD5D11}.Release|Any CPU.Build.0 = Release|Any CPU
		{F7A242F6-43DD-4836-83B4-ECAA0ABD5D11}.Release|Any CPU.Deploy.0 = Release|Any CPU
		{F7A242F6-43DD-4836-83B4-ECAA0ABD5D11}.Release|iPhone.ActiveCfg = Release|Any CPU
		{F7A242F6-43DD-4836-83B4-ECAA0ABD5D11}.Release|iPhone.Build.0 = Release|Any CPU
		{F7A242F6-43DD-4836-83B4-ECAA0ABD5D11}.Release|iPhone.Deploy.0 = Release|Any CPU
		{F7A242F6-43DD-4836-83B4-ECAA0ABD5D11}.Release|iPhoneSimulator.ActiveCfg = Release|Any CPU
		{F7A242F6-43DD-4836-83B4-ECAA0ABD5D11}.Release|iPhoneSimulator.Build.0 = Release|Any CPU
		{F7A242F6-43DD-4836-83B4-ECAA0ABD5D11}.Release|iPhoneSimulator.Deploy.0 = Release|Any CPU
		{2C9138F9-4D6A-44E3-83F7-0F871598894D}.Ad-Hoc|Any CPU.ActiveCfg = Release|Any CPU
		{2C9138F9-4D6A-44E3-83F7-0F871598894D}.Ad-Hoc|Any CPU.Build.0 = Release|Any CPU
		{2C9138F9-4D6A-44E3-83F7-0F871598894D}.Ad-Hoc|iPhone.ActiveCfg = Release|Any CPU
		{2C9138F9-4D6A-44E3-83F7-0F871598894D}.Ad-Hoc|iPhone.Build.0 = Release|Any CPU
		{2C9138F9-4D6A-44E3-83F7-0F871598894D}.Ad-Hoc|iPhoneSimulator.ActiveCfg = Release|Any CPU
		{2C9138F9-4D6A-44E3-83F7-0F871598894D}.Ad-Hoc|iPhoneSimulator.Build.0 = Release|Any CPU
		{2C9138F9-4D6A-44E3-83F7-0F871598894D}.AppStore|Any CPU.ActiveCfg = Release|Any CPU
		{2C9138F9-4D6A-44E3-83F7-0F871598894D}.AppStore|Any CPU.Build.0 = Release|Any CPU
		{2C9138F9-4D6A-44E3-83F7-0F871598894D}.AppStore|iPhone.ActiveCfg = Release|Any CPU
		{2C9138F9-4D6A-44E3-83F7-0F871598894D}.AppStore|iPhone.Build.0 = Release|Any CPU
		{2C9138F9-4D6A-44E3-83F7-0F871598894D}.AppStore|iPhoneSimulator.ActiveCfg = Release|Any CPU
		{2C9138F9-4D6A-44E3-83F7-0F871598894D}.AppStore|iPhoneSimulator.Build.0 = Release|Any CPU
		{2C9138F9-4D6A-44E3-83F7-0F871598894D}.Debug|Any CPU.ActiveCfg = Debug|Any CPU
		{2C9138F9-4D6A-44E3-83F7-0F871598894D}.Debug|Any CPU.Build.0 = Debug|Any CPU
		{2C9138F9-4D6A-44E3-83F7-0F871598894D}.Debug|iPhone.ActiveCfg = Debug|Any CPU
		{2C9138F9-4D6A-44E3-83F7-0F871598894D}.Debug|iPhone.Build.0 = Debug|Any CPU
		{2C9138F9-4D6A-44E3-83F7-0F871598894D}.Debug|iPhoneSimulator.ActiveCfg = Debug|Any CPU
		{2C9138F9-4D6A-44E3-83F7-0F871598894D}.Debug|iPhoneSimulator.Build.0 = Debug|Any CPU
		{2C9138F9-4D6A-44E3-83F7-0F871598894D}.Release|Any CPU.ActiveCfg = Release|Any CPU
		{2C9138F9-4D6A-44E3-83F7-0F871598894D}.Release|Any CPU.Build.0 = Release|Any CPU
		{2C9138F9-4D6A-44E3-83F7-0F871598894D}.Release|iPhone.ActiveCfg = Release|Any CPU
		{2C9138F9-4D6A-44E3-83F7-0F871598894D}.Release|iPhone.Build.0 = Release|Any CPU
		{2C9138F9-4D6A-44E3-83F7-0F871598894D}.Release|iPhoneSimulator.ActiveCfg = Release|Any CPU
		{2C9138F9-4D6A-44E3-83F7-0F871598894D}.Release|iPhoneSimulator.Build.0 = Release|Any CPU
		{11E57E7E-732A-41D7-9841-71887A21B3D4}.Ad-Hoc|Any CPU.ActiveCfg = Ad-Hoc|iPhone
		{11E57E7E-732A-41D7-9841-71887A21B3D4}.Ad-Hoc|iPhone.ActiveCfg = Ad-Hoc|iPhone
		{11E57E7E-732A-41D7-9841-71887A21B3D4}.Ad-Hoc|iPhone.Build.0 = Ad-Hoc|iPhone
		{11E57E7E-732A-41D7-9841-71887A21B3D4}.Ad-Hoc|iPhoneSimulator.ActiveCfg = Ad-Hoc|iPhoneSimulator
		{11E57E7E-732A-41D7-9841-71887A21B3D4}.Ad-Hoc|iPhoneSimulator.Build.0 = Ad-Hoc|iPhoneSimulator
		{11E57E7E-732A-41D7-9841-71887A21B3D4}.AppStore|Any CPU.ActiveCfg = AppStore|iPhone
		{11E57E7E-732A-41D7-9841-71887A21B3D4}.AppStore|iPhone.ActiveCfg = AppStore|iPhone
		{11E57E7E-732A-41D7-9841-71887A21B3D4}.AppStore|iPhone.Build.0 = AppStore|iPhone
		{11E57E7E-732A-41D7-9841-71887A21B3D4}.AppStore|iPhoneSimulator.ActiveCfg = AppStore|iPhoneSimulator
		{11E57E7E-732A-41D7-9841-71887A21B3D4}.AppStore|iPhoneSimulator.Build.0 = AppStore|iPhoneSimulator
		{11E57E7E-732A-41D7-9841-71887A21B3D4}.Debug|Any CPU.ActiveCfg = Debug|iPhone
		{11E57E7E-732A-41D7-9841-71887A21B3D4}.Debug|iPhone.ActiveCfg = Debug|iPhone
		{11E57E7E-732A-41D7-9841-71887A21B3D4}.Debug|iPhone.Build.0 = Debug|iPhone
		{11E57E7E-732A-41D7-9841-71887A21B3D4}.Debug|iPhoneSimulator.ActiveCfg = Debug|iPhoneSimulator
		{11E57E7E-732A-41D7-9841-71887A21B3D4}.Debug|iPhoneSimulator.Build.0 = Debug|iPhoneSimulator
		{11E57E7E-732A-41D7-9841-71887A21B3D4}.Release|Any CPU.ActiveCfg = Release|iPhone
		{11E57E7E-732A-41D7-9841-71887A21B3D4}.Release|iPhone.ActiveCfg = Release|iPhone
		{11E57E7E-732A-41D7-9841-71887A21B3D4}.Release|iPhone.Build.0 = Release|iPhone
		{11E57E7E-732A-41D7-9841-71887A21B3D4}.Release|iPhoneSimulator.ActiveCfg = Release|iPhoneSimulator
		{11E57E7E-732A-41D7-9841-71887A21B3D4}.Release|iPhoneSimulator.Build.0 = Release|iPhoneSimulator
	EndGlobalSection
	GlobalSection(SolutionProperties) = preSolution
		HideSolutionNode = FALSE
	EndGlobalSection
EndGlobal
